// !$*UTF8*$!
{
	archiveVersion = 1;
	classes = {
	};
	objectVersion = 56;
	objects = {

/* Begin PBXBuildFile section */
		B839EBF32959FF2100B445C7 /* MeditoAPI+Extensions.swift in Sources */ = {isa = PBXBuildFile; fileRef = B839EBF22959FF2100B445C7 /* MeditoAPI+Extensions.swift */; };
		B839EBF7295A098B00B445C7 /* MindfullPacksView.swift in Sources */ = {isa = PBXBuildFile; fileRef = B839EBF5295A098B00B445C7 /* MindfullPacksView.swift */; };
		B839EBF8295A098B00B445C7 /* MindfullPacksViewModel.swift in Sources */ = {isa = PBXBuildFile; fileRef = B839EBF6295A098B00B445C7 /* MindfullPacksViewModel.swift */; };
		B839EBFA295A09DD00B445C7 /* GetMindfullPacks.swift in Sources */ = {isa = PBXBuildFile; fileRef = B839EBF9295A09DD00B445C7 /* GetMindfullPacks.swift */; };
		B8BF15EC2956331A00174616 /* MeditoTVApp.swift in Sources */ = {isa = PBXBuildFile; fileRef = B8BF15EB2956331A00174616 /* MeditoTVApp.swift */; };
		B8BF15F02956331B00174616 /* Assets.xcassets in Resources */ = {isa = PBXBuildFile; fileRef = B8BF15EF2956331B00174616 /* Assets.xcassets */; };
		B8BF15F32956331B00174616 /* Preview Assets.xcassets in Resources */ = {isa = PBXBuildFile; fileRef = B8BF15F22956331B00174616 /* Preview Assets.xcassets */; };
		B8BF15FD2956331C00174616 /* MeditoTVTests.swift in Sources */ = {isa = PBXBuildFile; fileRef = B8BF15FC2956331C00174616 /* MeditoTVTests.swift */; };
		B8BF161C2956388A00174616 /* Factory in Frameworks */ = {isa = PBXBuildFile; productRef = B8BF161B2956388A00174616 /* Factory */; };
		B8BF162429564BC200174616 /* MeditoUI in Frameworks */ = {isa = PBXBuildFile; productRef = B8BF162329564BC200174616 /* MeditoUI */; };
		B8BF162729564D2D00174616 /* MeditoAPI in Frameworks */ = {isa = PBXBuildFile; productRef = B8BF162629564D2D00174616 /* MeditoAPI */; };
		B8BF162D29565AE800174616 /* MainTabView.swift in Sources */ = {isa = PBXBuildFile; fileRef = B8BF162B29565AE800174616 /* MainTabView.swift */; };
		B8BF162E29565AE800174616 /* MainTabViewModel.swift in Sources */ = {isa = PBXBuildFile; fileRef = B8BF162C29565AE800174616 /* MainTabViewModel.swift */; };
		B8BF16312956752B00174616 /* MainTabCoordinator.swift in Sources */ = {isa = PBXBuildFile; fileRef = B8BF16302956752B00174616 /* MainTabCoordinator.swift */; };
		B8BF1634295677F900174616 /* Coordinators+Dependencies.swift in Sources */ = {isa = PBXBuildFile; fileRef = B8BF1633295677F900174616 /* Coordinators+Dependencies.swift */; };
		B8BF163929571DBB00174616 /* Medito-Info.plist in Resources */ = {isa = PBXBuildFile; fileRef = B8BF163829571DBB00174616 /* Medito-Info.plist */; };
		B8BF163B2957272600174616 /* Services+Dependencies.swift in Sources */ = {isa = PBXBuildFile; fileRef = B8BF163A2957272600174616 /* Services+Dependencies.swift */; };
		B8BF163D2957273700174616 /* Repositories+Dependencies.swift in Sources */ = {isa = PBXBuildFile; fileRef = B8BF163C2957273700174616 /* Repositories+Dependencies.swift */; };
		B8BF164329586BCA00174616 /* GetShortcuts.swift in Sources */ = {isa = PBXBuildFile; fileRef = B8BF164229586BCA00174616 /* GetShortcuts.swift */; };
		B8BF164629586CDF00174616 /* SafeCache in Frameworks */ = {isa = PBXBuildFile; productRef = B8BF164529586CDF00174616 /* SafeCache */; };
		B8BF164829586EED00174616 /* UseCases+Dependencies.swift in Sources */ = {isa = PBXBuildFile; fileRef = B8BF164729586EED00174616 /* UseCases+Dependencies.swift */; };
		B8BF164A29586F6900174616 /* GetCourses.swift in Sources */ = {isa = PBXBuildFile; fileRef = B8BF164929586F6900174616 /* GetCourses.swift */; };
		B8BF164C295870A300174616 /* ApplicationConfiguration.swift in Sources */ = {isa = PBXBuildFile; fileRef = B8BF164B295870A300174616 /* ApplicationConfiguration.swift */; };
		B8BF165029587BE400174616 /* HomeView.swift in Sources */ = {isa = PBXBuildFile; fileRef = B8BF164E29587BE400174616 /* HomeView.swift */; };
		B8BF165129587BE400174616 /* HomeViewModel.swift in Sources */ = {isa = PBXBuildFile; fileRef = B8BF164F29587BE400174616 /* HomeViewModel.swift */; };
		B8BF16632959A98700174616 /* PageState.swift in Sources */ = {isa = PBXBuildFile; fileRef = B8BF16622959A98700174616 /* PageState.swift */; };
		B8BF16652959A9C600174616 /* SupportedContentType.swift in Sources */ = {isa = PBXBuildFile; fileRef = B8BF16642959A9C600174616 /* SupportedContentType.swift */; };
/* End PBXBuildFile section */

/* Begin PBXContainerItemProxy section */
		B8BF15F92956331C00174616 /* PBXContainerItemProxy */ = {
			isa = PBXContainerItemProxy;
			containerPortal = B8BF15E02956331A00174616 /* Project object */;
			proxyType = 1;
			remoteGlobalIDString = B8BF15E72956331A00174616;
			remoteInfo = MeditoTV;
		};
		B8BF16032956331C00174616 /* PBXContainerItemProxy */ = {
			isa = PBXContainerItemProxy;
			containerPortal = B8BF15E02956331A00174616 /* Project object */;
			proxyType = 1;
			remoteGlobalIDString = B8BF15E72956331A00174616;
			remoteInfo = MeditoTV;
		};
/* End PBXContainerItemProxy section */

/* Begin PBXFileReference section */
		B839EBF22959FF2100B445C7 /* MeditoAPI+Extensions.swift */ = {isa = PBXFileReference; lastKnownFileType = sourcecode.swift; path = "MeditoAPI+Extensions.swift"; sourceTree = "<group>"; };
		B839EBF5295A098B00B445C7 /* MindfullPacksView.swift */ = {isa = PBXFileReference; lastKnownFileType = sourcecode.swift; path = MindfullPacksView.swift; sourceTree = "<group>"; };
		B839EBF6295A098B00B445C7 /* MindfullPacksViewModel.swift */ = {isa = PBXFileReference; lastKnownFileType = sourcecode.swift; path = MindfullPacksViewModel.swift; sourceTree = "<group>"; };
		B839EBF9295A09DD00B445C7 /* GetMindfullPacks.swift */ = {isa = PBXFileReference; lastKnownFileType = sourcecode.swift; path = GetMindfullPacks.swift; sourceTree = "<group>"; };
		B8BF15E82956331A00174616 /* MeditoTV.app */ = {isa = PBXFileReference; explicitFileType = wrapper.application; includeInIndex = 0; path = MeditoTV.app; sourceTree = BUILT_PRODUCTS_DIR; };
		B8BF15EB2956331A00174616 /* MeditoTVApp.swift */ = {isa = PBXFileReference; lastKnownFileType = sourcecode.swift; path = MeditoTVApp.swift; sourceTree = "<group>"; };
		B8BF15EF2956331B00174616 /* Assets.xcassets */ = {isa = PBXFileReference; lastKnownFileType = folder.assetcatalog; path = Assets.xcassets; sourceTree = "<group>"; };
		B8BF15F22956331B00174616 /* Preview Assets.xcassets */ = {isa = PBXFileReference; lastKnownFileType = folder.assetcatalog; path = "Preview Assets.xcassets"; sourceTree = "<group>"; };
		B8BF15F82956331C00174616 /* MeditoTVTests.xctest */ = {isa = PBXFileReference; explicitFileType = wrapper.cfbundle; includeInIndex = 0; path = MeditoTVTests.xctest; sourceTree = BUILT_PRODUCTS_DIR; };
		B8BF15FC2956331C00174616 /* MeditoTVTests.swift */ = {isa = PBXFileReference; lastKnownFileType = sourcecode.swift; path = MeditoTVTests.swift; sourceTree = "<group>"; };
		B8BF16022956331C00174616 /* MeditoTVUITests.xctest */ = {isa = PBXFileReference; explicitFileType = wrapper.cfbundle; includeInIndex = 0; path = MeditoTVUITests.xctest; sourceTree = BUILT_PRODUCTS_DIR; };
		B8BF162129564BA800174616 /* MeditoUI */ = {isa = PBXFileReference; lastKnownFileType = wrapper; name = MeditoUI; path = LocalPackages/MeditoUI; sourceTree = "<group>"; };
		B8BF162529564D2600174616 /* MeditoAPI */ = {isa = PBXFileReference; lastKnownFileType = wrapper; name = MeditoAPI; path = LocalPackages/MeditoAPI; sourceTree = "<group>"; };
		B8BF162B29565AE800174616 /* MainTabView.swift */ = {isa = PBXFileReference; lastKnownFileType = sourcecode.swift; path = MainTabView.swift; sourceTree = "<group>"; };
		B8BF162C29565AE800174616 /* MainTabViewModel.swift */ = {isa = PBXFileReference; lastKnownFileType = sourcecode.swift; path = MainTabViewModel.swift; sourceTree = "<group>"; };
		B8BF16302956752B00174616 /* MainTabCoordinator.swift */ = {isa = PBXFileReference; lastKnownFileType = sourcecode.swift; path = MainTabCoordinator.swift; sourceTree = "<group>"; };
		B8BF1633295677F900174616 /* Coordinators+Dependencies.swift */ = {isa = PBXFileReference; lastKnownFileType = sourcecode.swift; path = "Coordinators+Dependencies.swift"; sourceTree = "<group>"; };
		B8BF163829571DBB00174616 /* Medito-Info.plist */ = {isa = PBXFileReference; lastKnownFileType = text.plist.xml; path = "Medito-Info.plist"; sourceTree = "<group>"; };
		B8BF163A2957272600174616 /* Services+Dependencies.swift */ = {isa = PBXFileReference; lastKnownFileType = sourcecode.swift; path = "Services+Dependencies.swift"; sourceTree = "<group>"; };
		B8BF163C2957273700174616 /* Repositories+Dependencies.swift */ = {isa = PBXFileReference; lastKnownFileType = sourcecode.swift; path = "Repositories+Dependencies.swift"; sourceTree = "<group>"; };
		B8BF164229586BCA00174616 /* GetShortcuts.swift */ = {isa = PBXFileReference; lastKnownFileType = sourcecode.swift; path = GetShortcuts.swift; sourceTree = "<group>"; };
		B8BF164729586EED00174616 /* UseCases+Dependencies.swift */ = {isa = PBXFileReference; lastKnownFileType = sourcecode.swift; path = "UseCases+Dependencies.swift"; sourceTree = "<group>"; };
		B8BF164929586F6900174616 /* GetCourses.swift */ = {isa = PBXFileReference; lastKnownFileType = sourcecode.swift; path = GetCourses.swift; sourceTree = "<group>"; };
		B8BF164B295870A300174616 /* ApplicationConfiguration.swift */ = {isa = PBXFileReference; lastKnownFileType = sourcecode.swift; path = ApplicationConfiguration.swift; sourceTree = "<group>"; };
		B8BF164E29587BE400174616 /* HomeView.swift */ = {isa = PBXFileReference; lastKnownFileType = sourcecode.swift; path = HomeView.swift; sourceTree = "<group>"; };
		B8BF164F29587BE400174616 /* HomeViewModel.swift */ = {isa = PBXFileReference; lastKnownFileType = sourcecode.swift; path = HomeViewModel.swift; sourceTree = "<group>"; };
		B8BF16622959A98700174616 /* PageState.swift */ = {isa = PBXFileReference; lastKnownFileType = sourcecode.swift; path = PageState.swift; sourceTree = "<group>"; };
		B8BF16642959A9C600174616 /* SupportedContentType.swift */ = {isa = PBXFileReference; lastKnownFileType = sourcecode.swift; path = SupportedContentType.swift; sourceTree = "<group>"; };
/* End PBXFileReference section */

/* Begin PBXFrameworksBuildPhase section */
		B8BF15E52956331A00174616 /* Frameworks */ = {
			isa = PBXFrameworksBuildPhase;
			buildActionMask = 2147483647;
			files = (
				B8BF164629586CDF00174616 /* SafeCache in Frameworks */,
				B8BF162429564BC200174616 /* MeditoUI in Frameworks */,
				B8BF162729564D2D00174616 /* MeditoAPI in Frameworks */,
				B8BF161C2956388A00174616 /* Factory in Frameworks */,
			);
			runOnlyForDeploymentPostprocessing = 0;
		};
		B8BF15F52956331C00174616 /* Frameworks */ = {
			isa = PBXFrameworksBuildPhase;
			buildActionMask = 2147483647;
			files = (
			);
			runOnlyForDeploymentPostprocessing = 0;
		};
		B8BF15FF2956331C00174616 /* Frameworks */ = {
			isa = PBXFrameworksBuildPhase;
			buildActionMask = 2147483647;
			files = (
			);
			runOnlyForDeploymentPostprocessing = 0;
		};
/* End PBXFrameworksBuildPhase section */

/* Begin PBXGroup section */
		B839EBF4295A097400B445C7 /* MindfullPacksView */ = {
			isa = PBXGroup;
			children = (
				B839EBF5295A098B00B445C7 /* MindfullPacksView.swift */,
				B839EBF6295A098B00B445C7 /* MindfullPacksViewModel.swift */,
			);
			path = MindfullPacksView;
			sourceTree = "<group>";
		};
		B8BF15DF2956331900174616 = {
			isa = PBXGroup;
			children = (
				B8BF15EA2956331A00174616 /* MeditoTV */,
				B8BF15FB2956331C00174616 /* MeditoTVTests */,
				B8BF162529564D2600174616 /* MeditoAPI */,
				B8BF162129564BA800174616 /* MeditoUI */,
				B8BF15E92956331A00174616 /* Products */,
				B8BF162229564BC200174616 /* Frameworks */,
			);
			sourceTree = "<group>";
		};
		B8BF15E92956331A00174616 /* Products */ = {
			isa = PBXGroup;
			children = (
				B8BF15E82956331A00174616 /* MeditoTV.app */,
				B8BF15F82956331C00174616 /* MeditoTVTests.xctest */,
				B8BF16022956331C00174616 /* MeditoTVUITests.xctest */,
			);
			name = Products;
			sourceTree = "<group>";
		};
		B8BF15EA2956331A00174616 /* MeditoTV */ = {
			isa = PBXGroup;
			children = (
				B8BF1615295637A900174616 /* App */,
				B8BF1616295637B000174616 /* AppManagement */,
				B8BF1617295637BB00174616 /* Scenes */,
				B8BF1618295637C100174616 /* Shared */,
			);
			path = MeditoTV;
			sourceTree = "<group>";
		};
		B8BF15F12956331B00174616 /* Preview Content */ = {
			isa = PBXGroup;
			children = (
				B8BF15F22956331B00174616 /* Preview Assets.xcassets */,
			);
			path = "Preview Content";
			sourceTree = "<group>";
		};
		B8BF15FB2956331C00174616 /* MeditoTVTests */ = {
			isa = PBXGroup;
			children = (
				B8BF15FC2956331C00174616 /* MeditoTVTests.swift */,
			);
			path = MeditoTVTests;
			sourceTree = "<group>";
		};
		B8BF1615295637A900174616 /* App */ = {
			isa = PBXGroup;
			children = (
				B8BF1619295637F700174616 /* Ressources */,
				B8BF15EB2956331A00174616 /* MeditoTVApp.swift */,
				B8BF15F12956331B00174616 /* Preview Content */,
			);
			path = App;
			sourceTree = "<group>";
		};
		B8BF1616295637B000174616 /* AppManagement */ = {
			isa = PBXGroup;
			children = (
				B8BF163729571D8E00174616 /* Configurations */,
				B8BF1632295677CC00174616 /* Depencendies */,
				B8BF162F2956751600174616 /* Coordinators */,
			);
			path = AppManagement;
			sourceTree = "<group>";
		};
		B8BF1617295637BB00174616 /* Scenes */ = {
			isa = PBXGroup;
			children = (
				B839EBF4295A097400B445C7 /* MindfullPacksView */,
				B8BF164D29587BD200174616 /* HomeView */,
				B8BF162A29565AC700174616 /* MainTabView */,
			);
			path = Scenes;
			sourceTree = "<group>";
		};
		B8BF1618295637C100174616 /* Shared */ = {
			isa = PBXGroup;
			children = (
				B8BF16672959E21800174616 /* Extensions */,
				B8BF16612959A97900174616 /* Enumerations */,
				B8BF163F29586B5800174616 /* Data */,
				B8BF163E29586B5100174616 /* Domain */,
			);
			path = Shared;
			sourceTree = "<group>";
		};
		B8BF1619295637F700174616 /* Ressources */ = {
			isa = PBXGroup;
			children = (
				B8BF15EF2956331B00174616 /* Assets.xcassets */,
			);
			path = Ressources;
			sourceTree = "<group>";
		};
		B8BF162229564BC200174616 /* Frameworks */ = {
			isa = PBXGroup;
			children = (
			);
			name = Frameworks;
			sourceTree = "<group>";
		};
		B8BF162A29565AC700174616 /* MainTabView */ = {
			isa = PBXGroup;
			children = (
				B8BF162B29565AE800174616 /* MainTabView.swift */,
				B8BF162C29565AE800174616 /* MainTabViewModel.swift */,
			);
			path = MainTabView;
			sourceTree = "<group>";
		};
		B8BF162F2956751600174616 /* Coordinators */ = {
			isa = PBXGroup;
			children = (
				B8BF16302956752B00174616 /* MainTabCoordinator.swift */,
			);
			path = Coordinators;
			sourceTree = "<group>";
		};
		B8BF1632295677CC00174616 /* Depencendies */ = {
			isa = PBXGroup;
			children = (
				B8BF1633295677F900174616 /* Coordinators+Dependencies.swift */,
				B8BF163A2957272600174616 /* Services+Dependencies.swift */,
				B8BF163C2957273700174616 /* Repositories+Dependencies.swift */,
				B8BF164729586EED00174616 /* UseCases+Dependencies.swift */,
			);
			path = Depencendies;
			sourceTree = "<group>";
		};
		B8BF163729571D8E00174616 /* Configurations */ = {
			isa = PBXGroup;
			children = (
				B8BF163829571DBB00174616 /* Medito-Info.plist */,
				B8BF164B295870A300174616 /* ApplicationConfiguration.swift */,
			);
			path = Configurations;
			sourceTree = "<group>";
		};
		B8BF163E29586B5100174616 /* Domain */ = {
			isa = PBXGroup;
			children = (
				B8BF164029586B9000174616 /* UseCases */,
			);
			path = Domain;
			sourceTree = "<group>";
		};
		B8BF163F29586B5800174616 /* Data */ = {
			isa = PBXGroup;
			children = (
			);
			path = Data;
			sourceTree = "<group>";
		};
		B8BF164029586B9000174616 /* UseCases */ = {
			isa = PBXGroup;
			children = (
				B8BF164129586BAB00174616 /* Content */,
			);
			path = UseCases;
			sourceTree = "<group>";
		};
		B8BF164129586BAB00174616 /* Content */ = {
			isa = PBXGroup;
			children = (
				B8BF164229586BCA00174616 /* GetShortcuts.swift */,
				B8BF164929586F6900174616 /* GetCourses.swift */,
				B839EBF9295A09DD00B445C7 /* GetMindfullPacks.swift */,
			);
			path = Content;
			sourceTree = "<group>";
		};
		B8BF164D29587BD200174616 /* HomeView */ = {
			isa = PBXGroup;
			children = (
				B8BF164E29587BE400174616 /* HomeView.swift */,
				B8BF164F29587BE400174616 /* HomeViewModel.swift */,
			);
			path = HomeView;
			sourceTree = "<group>";
		};
		B8BF16612959A97900174616 /* Enumerations */ = {
			isa = PBXGroup;
			children = (
				B8BF16622959A98700174616 /* PageState.swift */,
				B8BF16642959A9C600174616 /* SupportedContentType.swift */,
			);
			path = Enumerations;
			sourceTree = "<group>";
		};
		B8BF16672959E21800174616 /* Extensions */ = {
			isa = PBXGroup;
			children = (
				B839EBF22959FF2100B445C7 /* MeditoAPI+Extensions.swift */,
			);
			path = Extensions;
			sourceTree = "<group>";
		};
/* End PBXGroup section */

/* Begin PBXNativeTarget section */
		B8BF15E72956331A00174616 /* MeditoTV */ = {
			isa = PBXNativeTarget;
			buildConfigurationList = B8BF160C2956331C00174616 /* Build configuration list for PBXNativeTarget "MeditoTV" */;
			buildPhases = (
				B8BF161D29563A6200174616 /* Swiftformat */,
				B8BF161E29563ABE00174616 /* Swiftlint */,
				B8BF15E42956331A00174616 /* Sources */,
				B8BF15E52956331A00174616 /* Frameworks */,
				B8BF15E62956331A00174616 /* Resources */,
			);
			buildRules = (
			);
			dependencies = (
			);
			name = MeditoTV;
			packageProductDependencies = (
				B8BF161B2956388A00174616 /* Factory */,
				B8BF162329564BC200174616 /* MeditoUI */,
				B8BF162629564D2D00174616 /* MeditoAPI */,
				B8BF164529586CDF00174616 /* SafeCache */,
			);
			productName = MeditoTV;
			productReference = B8BF15E82956331A00174616 /* MeditoTV.app */;
			productType = "com.apple.product-type.application";
		};
		B8BF15F72956331C00174616 /* MeditoTVTests */ = {
			isa = PBXNativeTarget;
			buildConfigurationList = B8BF160F2956331C00174616 /* Build configuration list for PBXNativeTarget "MeditoTVTests" */;
			buildPhases = (
				B8BF15F42956331C00174616 /* Sources */,
				B8BF15F52956331C00174616 /* Frameworks */,
				B8BF15F62956331C00174616 /* Resources */,
			);
			buildRules = (
			);
			dependencies = (
				B8BF15FA2956331C00174616 /* PBXTargetDependency */,
			);
			name = MeditoTVTests;
			productName = MeditoTVTests;
			productReference = B8BF15F82956331C00174616 /* MeditoTVTests.xctest */;
			productType = "com.apple.product-type.bundle.unit-test";
		};
		B8BF16012956331C00174616 /* MeditoTVUITests */ = {
			isa = PBXNativeTarget;
			buildConfigurationList = B8BF16122956331C00174616 /* Build configuration list for PBXNativeTarget "MeditoTVUITests" */;
			buildPhases = (
				B8BF15FE2956331C00174616 /* Sources */,
				B8BF15FF2956331C00174616 /* Frameworks */,
				B8BF16002956331C00174616 /* Resources */,
			);
			buildRules = (
			);
			dependencies = (
				B8BF16042956331C00174616 /* PBXTargetDependency */,
			);
			name = MeditoTVUITests;
			productName = MeditoTVUITests;
			productReference = B8BF16022956331C00174616 /* MeditoTVUITests.xctest */;
			productType = "com.apple.product-type.bundle.ui-testing";
		};
/* End PBXNativeTarget section */

/* Begin PBXProject section */
		B8BF15E02956331A00174616 /* Project object */ = {
			isa = PBXProject;
			attributes = {
				BuildIndependentTargetsInParallel = 1;
				LastSwiftUpdateCheck = 1420;
				LastUpgradeCheck = 1420;
				TargetAttributes = {
					B8BF15E72956331A00174616 = {
						CreatedOnToolsVersion = 14.2;
					};
					B8BF15F72956331C00174616 = {
						CreatedOnToolsVersion = 14.2;
						TestTargetID = B8BF15E72956331A00174616;
					};
					B8BF16012956331C00174616 = {
						CreatedOnToolsVersion = 14.2;
						TestTargetID = B8BF15E72956331A00174616;
					};
				};
			};
			buildConfigurationList = B8BF15E32956331A00174616 /* Build configuration list for PBXProject "MeditoTV" */;
			compatibilityVersion = "Xcode 14.0";
			developmentRegion = en;
			hasScannedForEncodings = 0;
			knownRegions = (
				en,
				Base,
			);
			mainGroup = B8BF15DF2956331900174616;
			packageReferences = (
				B8BF161A2956388A00174616 /* XCRemoteSwiftPackageReference "Factory" */,
				B8BF164429586CDF00174616 /* XCRemoteSwiftPackageReference "SafeCache" */,
			);
			productRefGroup = B8BF15E92956331A00174616 /* Products */;
			projectDirPath = "";
			projectRoot = "";
			targets = (
				B8BF15E72956331A00174616 /* MeditoTV */,
				B8BF15F72956331C00174616 /* MeditoTVTests */,
				B8BF16012956331C00174616 /* MeditoTVUITests */,
			);
		};
/* End PBXProject section */

/* Begin PBXResourcesBuildPhase section */
		B8BF15E62956331A00174616 /* Resources */ = {
			isa = PBXResourcesBuildPhase;
			buildActionMask = 2147483647;
			files = (
				B8BF15F32956331B00174616 /* Preview Assets.xcassets in Resources */,
				B8BF15F02956331B00174616 /* Assets.xcassets in Resources */,
				B8BF163929571DBB00174616 /* Medito-Info.plist in Resources */,
			);
			runOnlyForDeploymentPostprocessing = 0;
		};
		B8BF15F62956331C00174616 /* Resources */ = {
			isa = PBXResourcesBuildPhase;
			buildActionMask = 2147483647;
			files = (
			);
			runOnlyForDeploymentPostprocessing = 0;
		};
		B8BF16002956331C00174616 /* Resources */ = {
			isa = PBXResourcesBuildPhase;
			buildActionMask = 2147483647;
			files = (
			);
			runOnlyForDeploymentPostprocessing = 0;
		};
/* End PBXResourcesBuildPhase section */

/* Begin PBXShellScriptBuildPhase section */
		B8BF161D29563A6200174616 /* Swiftformat */ = {
			isa = PBXShellScriptBuildPhase;
			alwaysOutOfDate = 1;
			buildActionMask = 2147483647;
			files = (
			);
			inputFileListPaths = (
			);
			inputPaths = (
			);
			name = Swiftformat;
			outputFileListPaths = (
			);
			outputPaths = (
			);
			runOnlyForDeploymentPostprocessing = 0;
			shellPath = /bin/sh;
			shellScript = "PATH=/opt/homebrew/bin/:$PATH\n\nif which swiftformat >/dev/null; then\nswiftformat .\nelse\necho \"warning: SwiftFormat not installed, download from https://github.com/nicklockwood/SwiftFormat\"\nfi\n";
		};
		B8BF161E29563ABE00174616 /* Swiftlint */ = {
			isa = PBXShellScriptBuildPhase;
			alwaysOutOfDate = 1;
			buildActionMask = 2147483647;
			files = (
			);
			inputFileListPaths = (
			);
			inputPaths = (
			);
			name = Swiftlint;
			outputFileListPaths = (
			);
			outputPaths = (
			);
			runOnlyForDeploymentPostprocessing = 0;
			shellPath = /bin/sh;
			shellScript = "PATH=/opt/homebrew/bin/:$PATH\n\nif which swiftlint >/dev/null; then\n    swiftlint --fix && swiftlint\nelse\n  echo \"warning: SwiftLint not installed, download from https://github.com/realm/SwiftLint\"\nfi\n";
		};
/* End PBXShellScriptBuildPhase section */

/* Begin PBXSourcesBuildPhase section */
		B8BF15E42956331A00174616 /* Sources */ = {
			isa = PBXSourcesBuildPhase;
			buildActionMask = 2147483647;
			files = (
				B8BF15EC2956331A00174616 /* MeditoTVApp.swift in Sources */,
				B8BF1634295677F900174616 /* Coordinators+Dependencies.swift in Sources */,
				B8BF165029587BE400174616 /* HomeView.swift in Sources */,
				B8BF162D29565AE800174616 /* MainTabView.swift in Sources */,
				B839EBFA295A09DD00B445C7 /* GetMindfullPacks.swift in Sources */,
				B8BF163B2957272600174616 /* Services+Dependencies.swift in Sources */,
				B8BF162E29565AE800174616 /* MainTabViewModel.swift in Sources */,
				B839EBF7295A098B00B445C7 /* MindfullPacksView.swift in Sources */,
				B8BF164329586BCA00174616 /* GetShortcuts.swift in Sources */,
				B839EBF32959FF2100B445C7 /* MeditoAPI+Extensions.swift in Sources */,
				B8BF164A29586F6900174616 /* GetCourses.swift in Sources */,
				B8BF164829586EED00174616 /* UseCases+Dependencies.swift in Sources */,
				B8BF16652959A9C600174616 /* SupportedContentType.swift in Sources */,
				B8BF16632959A98700174616 /* PageState.swift in Sources */,
				B8BF165129587BE400174616 /* HomeViewModel.swift in Sources */,
				B8BF16312956752B00174616 /* MainTabCoordinator.swift in Sources */,
				B8BF164C295870A300174616 /* ApplicationConfiguration.swift in Sources */,
				B8BF163D2957273700174616 /* Repositories+Dependencies.swift in Sources */,
				B839EBF8295A098B00B445C7 /* MindfullPacksViewModel.swift in Sources */,
			);
			runOnlyForDeploymentPostprocessing = 0;
		};
		B8BF15F42956331C00174616 /* Sources */ = {
			isa = PBXSourcesBuildPhase;
			buildActionMask = 2147483647;
			files = (
				B8BF15FD2956331C00174616 /* MeditoTVTests.swift in Sources */,
			);
			runOnlyForDeploymentPostprocessing = 0;
		};
		B8BF15FE2956331C00174616 /* Sources */ = {
			isa = PBXSourcesBuildPhase;
			buildActionMask = 2147483647;
			files = (
			);
			runOnlyForDeploymentPostprocessing = 0;
		};
/* End PBXSourcesBuildPhase section */

/* Begin PBXTargetDependency section */
		B8BF15FA2956331C00174616 /* PBXTargetDependency */ = {
			isa = PBXTargetDependency;
			target = B8BF15E72956331A00174616 /* MeditoTV */;
			targetProxy = B8BF15F92956331C00174616 /* PBXContainerItemProxy */;
		};
		B8BF16042956331C00174616 /* PBXTargetDependency */ = {
			isa = PBXTargetDependency;
			target = B8BF15E72956331A00174616 /* MeditoTV */;
			targetProxy = B8BF16032956331C00174616 /* PBXContainerItemProxy */;
		};
/* End PBXTargetDependency section */

/* Begin XCBuildConfiguration section */
		B8BF160A2956331C00174616 /* Debug */ = {
			isa = XCBuildConfiguration;
			buildSettings = {
				ALWAYS_SEARCH_USER_PATHS = NO;
				CLANG_ANALYZER_NONNULL = YES;
				CLANG_ANALYZER_NUMBER_OBJECT_CONVERSION = YES_AGGRESSIVE;
				CLANG_CXX_LANGUAGE_STANDARD = "gnu++20";
				CLANG_ENABLE_MODULES = YES;
				CLANG_ENABLE_OBJC_ARC = YES;
				CLANG_ENABLE_OBJC_WEAK = YES;
				CLANG_WARN_BLOCK_CAPTURE_AUTORELEASING = YES;
				CLANG_WARN_BOOL_CONVERSION = YES;
				CLANG_WARN_COMMA = YES;
				CLANG_WARN_CONSTANT_CONVERSION = YES;
				CLANG_WARN_DEPRECATED_OBJC_IMPLEMENTATIONS = YES;
				CLANG_WARN_DIRECT_OBJC_ISA_USAGE = YES_ERROR;
				CLANG_WARN_DOCUMENTATION_COMMENTS = YES;
				CLANG_WARN_EMPTY_BODY = YES;
				CLANG_WARN_ENUM_CONVERSION = YES;
				CLANG_WARN_INFINITE_RECURSION = YES;
				CLANG_WARN_INT_CONVERSION = YES;
				CLANG_WARN_NON_LITERAL_NULL_CONVERSION = YES;
				CLANG_WARN_OBJC_IMPLICIT_RETAIN_SELF = YES;
				CLANG_WARN_OBJC_LITERAL_CONVERSION = YES;
				CLANG_WARN_OBJC_ROOT_CLASS = YES_ERROR;
				CLANG_WARN_QUOTED_INCLUDE_IN_FRAMEWORK_HEADER = YES;
				CLANG_WARN_RANGE_LOOP_ANALYSIS = YES;
				CLANG_WARN_STRICT_PROTOTYPES = YES;
				CLANG_WARN_SUSPICIOUS_MOVE = YES;
				CLANG_WARN_UNGUARDED_AVAILABILITY = YES_AGGRESSIVE;
				CLANG_WARN_UNREACHABLE_CODE = YES;
				CLANG_WARN__DUPLICATE_METHOD_MATCH = YES;
				COPY_PHASE_STRIP = NO;
				DEBUG_INFORMATION_FORMAT = dwarf;
				ENABLE_STRICT_OBJC_MSGSEND = YES;
				ENABLE_TESTABILITY = YES;
				GCC_C_LANGUAGE_STANDARD = gnu11;
				GCC_DYNAMIC_NO_PIC = NO;
				GCC_NO_COMMON_BLOCKS = YES;
				GCC_OPTIMIZATION_LEVEL = 0;
				GCC_PREPROCESSOR_DEFINITIONS = (
					"DEBUG=1",
					"$(inherited)",
				);
				GCC_WARN_64_TO_32_BIT_CONVERSION = YES;
				GCC_WARN_ABOUT_RETURN_TYPE = YES_ERROR;
				GCC_WARN_UNDECLARED_SELECTOR = YES;
				GCC_WARN_UNINITIALIZED_AUTOS = YES_AGGRESSIVE;
				GCC_WARN_UNUSED_FUNCTION = YES;
				GCC_WARN_UNUSED_VARIABLE = YES;
				MTL_ENABLE_DEBUG_INFO = INCLUDE_SOURCE;
				MTL_FAST_MATH = YES;
				ONLY_ACTIVE_ARCH = YES;
				SDKROOT = appletvos;
				SWIFT_ACTIVE_COMPILATION_CONDITIONS = DEBUG;
				SWIFT_OPTIMIZATION_LEVEL = "-Onone";
				TVOS_DEPLOYMENT_TARGET = 16.1;
			};
			name = Debug;
		};
		B8BF160B2956331C00174616 /* Release */ = {
			isa = XCBuildConfiguration;
			buildSettings = {
				ALWAYS_SEARCH_USER_PATHS = NO;
				CLANG_ANALYZER_NONNULL = YES;
				CLANG_ANALYZER_NUMBER_OBJECT_CONVERSION = YES_AGGRESSIVE;
				CLANG_CXX_LANGUAGE_STANDARD = "gnu++20";
				CLANG_ENABLE_MODULES = YES;
				CLANG_ENABLE_OBJC_ARC = YES;
				CLANG_ENABLE_OBJC_WEAK = YES;
				CLANG_WARN_BLOCK_CAPTURE_AUTORELEASING = YES;
				CLANG_WARN_BOOL_CONVERSION = YES;
				CLANG_WARN_COMMA = YES;
				CLANG_WARN_CONSTANT_CONVERSION = YES;
				CLANG_WARN_DEPRECATED_OBJC_IMPLEMENTATIONS = YES;
				CLANG_WARN_DIRECT_OBJC_ISA_USAGE = YES_ERROR;
				CLANG_WARN_DOCUMENTATION_COMMENTS = YES;
				CLANG_WARN_EMPTY_BODY = YES;
				CLANG_WARN_ENUM_CONVERSION = YES;
				CLANG_WARN_INFINITE_RECURSION = YES;
				CLANG_WARN_INT_CONVERSION = YES;
				CLANG_WARN_NON_LITERAL_NULL_CONVERSION = YES;
				CLANG_WARN_OBJC_IMPLICIT_RETAIN_SELF = YES;
				CLANG_WARN_OBJC_LITERAL_CONVERSION = YES;
				CLANG_WARN_OBJC_ROOT_CLASS = YES_ERROR;
				CLANG_WARN_QUOTED_INCLUDE_IN_FRAMEWORK_HEADER = YES;
				CLANG_WARN_RANGE_LOOP_ANALYSIS = YES;
				CLANG_WARN_STRICT_PROTOTYPES = YES;
				CLANG_WARN_SUSPICIOUS_MOVE = YES;
				CLANG_WARN_UNGUARDED_AVAILABILITY = YES_AGGRESSIVE;
				CLANG_WARN_UNREACHABLE_CODE = YES;
				CLANG_WARN__DUPLICATE_METHOD_MATCH = YES;
				COPY_PHASE_STRIP = NO;
				DEBUG_INFORMATION_FORMAT = "dwarf-with-dsym";
				ENABLE_NS_ASSERTIONS = NO;
				ENABLE_STRICT_OBJC_MSGSEND = YES;
				GCC_C_LANGUAGE_STANDARD = gnu11;
				GCC_NO_COMMON_BLOCKS = YES;
				GCC_WARN_64_TO_32_BIT_CONVERSION = YES;
				GCC_WARN_ABOUT_RETURN_TYPE = YES_ERROR;
				GCC_WARN_UNDECLARED_SELECTOR = YES;
				GCC_WARN_UNINITIALIZED_AUTOS = YES_AGGRESSIVE;
				GCC_WARN_UNUSED_FUNCTION = YES;
				GCC_WARN_UNUSED_VARIABLE = YES;
				MTL_ENABLE_DEBUG_INFO = NO;
				MTL_FAST_MATH = YES;
				SDKROOT = appletvos;
				SWIFT_COMPILATION_MODE = wholemodule;
				SWIFT_OPTIMIZATION_LEVEL = "-O";
				TVOS_DEPLOYMENT_TARGET = 16.1;
				VALIDATE_PRODUCT = YES;
			};
			name = Release;
		};
		B8BF160D2956331C00174616 /* Debug */ = {
			isa = XCBuildConfiguration;
			buildSettings = {
				ASSETCATALOG_COMPILER_APPICON_NAME = "App Icon & Top Shelf Image";
				ASSETCATALOG_COMPILER_GLOBAL_ACCENT_COLOR_NAME = AccentColor;
				CODE_SIGN_STYLE = Automatic;
				CURRENT_PROJECT_VERSION = 1;
				DEVELOPMENT_ASSET_PATHS = "\"MeditoTV/App/Preview Content\"";
				DEVELOPMENT_TEAM = WLGFZCD2AB;
				ENABLE_PREVIEWS = YES;
				GENERATE_INFOPLIST_FILE = YES;
				INFOPLIST_KEY_UILaunchScreen_Generation = YES;
				INFOPLIST_KEY_UIUserInterfaceStyle = Automatic;
				LD_RUNPATH_SEARCH_PATHS = (
					"$(inherited)",
					"@executable_path/Frameworks",
				);
				MARKETING_VERSION = 0.1;
				PRODUCT_BUNDLE_IDENTIFIER = com.medito.MeditoTV;
				PRODUCT_NAME = "$(TARGET_NAME)";
				SWIFT_EMIT_LOC_STRINGS = YES;
				SWIFT_STRICT_CONCURRENCY = complete;
				SWIFT_VERSION = 5.0;
				TARGETED_DEVICE_FAMILY = 3;
			};
			name = Debug;
		};
		B8BF160E2956331C00174616 /* Release */ = {
			isa = XCBuildConfiguration;
			buildSettings = {
				ASSETCATALOG_COMPILER_APPICON_NAME = "App Icon & Top Shelf Image";
				ASSETCATALOG_COMPILER_GLOBAL_ACCENT_COLOR_NAME = AccentColor;
				CODE_SIGN_STYLE = Automatic;
				CURRENT_PROJECT_VERSION = 1;
				DEVELOPMENT_ASSET_PATHS = "\"MeditoTV/App/Preview Content\"";
				DEVELOPMENT_TEAM = WLGFZCD2AB;
				ENABLE_PREVIEWS = YES;
				GENERATE_INFOPLIST_FILE = YES;
				INFOPLIST_KEY_UILaunchScreen_Generation = YES;
				INFOPLIST_KEY_UIUserInterfaceStyle = Automatic;
				LD_RUNPATH_SEARCH_PATHS = (
					"$(inherited)",
					"@executable_path/Frameworks",
				);
				MARKETING_VERSION = 0.1;
				PRODUCT_BUNDLE_IDENTIFIER = com.medito.MeditoTV;
				PRODUCT_NAME = "$(TARGET_NAME)";
				SWIFT_EMIT_LOC_STRINGS = YES;
				SWIFT_STRICT_CONCURRENCY = complete;
				SWIFT_VERSION = 5.0;
				TARGETED_DEVICE_FAMILY = 3;
			};
			name = Release;
		};
		B8BF16102956331C00174616 /* Debug */ = {
			isa = XCBuildConfiguration;
			buildSettings = {
				ALWAYS_EMBED_SWIFT_STANDARD_LIBRARIES = YES;
				BUNDLE_LOADER = "$(TEST_HOST)";
				CODE_SIGN_STYLE = Automatic;
				CURRENT_PROJECT_VERSION = 1;
				DEVELOPMENT_TEAM = WLGFZCD2AB;
				GENERATE_INFOPLIST_FILE = YES;
				MARKETING_VERSION = 1.0;
				PRODUCT_BUNDLE_IDENTIFIER = com.medito.MeditoTVTests;
				PRODUCT_NAME = "$(TARGET_NAME)";
				SWIFT_EMIT_LOC_STRINGS = NO;
				SWIFT_VERSION = 5.0;
				TARGETED_DEVICE_FAMILY = 3;
				TEST_HOST = "$(BUILT_PRODUCTS_DIR)/MeditoTV.app/$(BUNDLE_EXECUTABLE_FOLDER_PATH)/MeditoTV";
				TVOS_DEPLOYMENT_TARGET = 16.1;
			};
			name = Debug;
		};
		B8BF16112956331C00174616 /* Release */ = {
			isa = XCBuildConfiguration;
			buildSettings = {
				ALWAYS_EMBED_SWIFT_STANDARD_LIBRARIES = YES;
				BUNDLE_LOADER = "$(TEST_HOST)";
				CODE_SIGN_STYLE = Automatic;
				CURRENT_PROJECT_VERSION = 1;
				DEVELOPMENT_TEAM = WLGFZCD2AB;
				GENERATE_INFOPLIST_FILE = YES;
				MARKETING_VERSION = 1.0;
				PRODUCT_BUNDLE_IDENTIFIER = com.medito.MeditoTVTests;
				PRODUCT_NAME = "$(TARGET_NAME)";
				SWIFT_EMIT_LOC_STRINGS = NO;
				SWIFT_VERSION = 5.0;
				TARGETED_DEVICE_FAMILY = 3;
				TEST_HOST = "$(BUILT_PRODUCTS_DIR)/MeditoTV.app/$(BUNDLE_EXECUTABLE_FOLDER_PATH)/MeditoTV";
				TVOS_DEPLOYMENT_TARGET = 16.1;
			};
			name = Release;
		};
		B8BF16132956331C00174616 /* Debug */ = {
			isa = XCBuildConfiguration;
			buildSettings = {
				ALWAYS_EMBED_SWIFT_STANDARD_LIBRARIES = YES;
				CODE_SIGN_STYLE = Automatic;
				CURRENT_PROJECT_VERSION = 1;
				DEVELOPMENT_TEAM = WLGFZCD2AB;
				GENERATE_INFOPLIST_FILE = YES;
				MARKETING_VERSION = 1.0;
				PRODUCT_BUNDLE_IDENTIFIER = com.medito.MeditoTVUITests;
				PRODUCT_NAME = "$(TARGET_NAME)";
				SWIFT_EMIT_LOC_STRINGS = NO;
				SWIFT_VERSION = 5.0;
				TARGETED_DEVICE_FAMILY = 3;
				TEST_TARGET_NAME = MeditoTV;
			};
			name = Debug;
		};
		B8BF16142956331C00174616 /* Release */ = {
			isa = XCBuildConfiguration;
			buildSettings = {
				ALWAYS_EMBED_SWIFT_STANDARD_LIBRARIES = YES;
				CODE_SIGN_STYLE = Automatic;
				CURRENT_PROJECT_VERSION = 1;
				DEVELOPMENT_TEAM = WLGFZCD2AB;
				GENERATE_INFOPLIST_FILE = YES;
				MARKETING_VERSION = 1.0;
				PRODUCT_BUNDLE_IDENTIFIER = com.medito.MeditoTVUITests;
				PRODUCT_NAME = "$(TARGET_NAME)";
				SWIFT_EMIT_LOC_STRINGS = NO;
				SWIFT_VERSION = 5.0;
				TARGETED_DEVICE_FAMILY = 3;
				TEST_TARGET_NAME = MeditoTV;
			};
			name = Release;
		};
/* End XCBuildConfiguration section */

/* Begin XCConfigurationList section */
		B8BF15E32956331A00174616 /* Build configuration list for PBXProject "MeditoTV" */ = {
			isa = XCConfigurationList;
			buildConfigurations = (
				B8BF160A2956331C00174616 /* Debug */,
				B8BF160B2956331C00174616 /* Release */,
			);
			defaultConfigurationIsVisible = 0;
			defaultConfigurationName = Release;
		};
		B8BF160C2956331C00174616 /* Build configuration list for PBXNativeTarget "MeditoTV" */ = {
			isa = XCConfigurationList;
			buildConfigurations = (
				B8BF160D2956331C00174616 /* Debug */,
				B8BF160E2956331C00174616 /* Release */,
			);
			defaultConfigurationIsVisible = 0;
			defaultConfigurationName = Release;
		};
		B8BF160F2956331C00174616 /* Build configuration list for PBXNativeTarget "MeditoTVTests" */ = {
			isa = XCConfigurationList;
			buildConfigurations = (
				B8BF16102956331C00174616 /* Debug */,
				B8BF16112956331C00174616 /* Release */,
			);
			defaultConfigurationIsVisible = 0;
			defaultConfigurationName = Release;
		};
		B8BF16122956331C00174616 /* Build configuration list for PBXNativeTarget "MeditoTVUITests" */ = {
			isa = XCConfigurationList;
			buildConfigurations = (
				B8BF16132956331C00174616 /* Debug */,
				B8BF16142956331C00174616 /* Release */,
			);
			defaultConfigurationIsVisible = 0;
			defaultConfigurationName = Release;
		};
/* End XCConfigurationList section */

/* Begin XCRemoteSwiftPackageReference section */
		B8BF161A2956388A00174616 /* XCRemoteSwiftPackageReference "Factory" */ = {
			isa = XCRemoteSwiftPackageReference;
			repositoryURL = "https://github.com/hmlongco/Factory";
			requirement = {
				kind = upToNextMajorVersion;
				minimumVersion = 1.0.0;
			};
		};
		B8BF164429586CDF00174616 /* XCRemoteSwiftPackageReference "SafeCache" */ = {
			isa = XCRemoteSwiftPackageReference;
			repositoryURL = "https://github.com/lukacs-m/SafeCache";
			requirement = {
				kind = upToNextMajorVersion;
				minimumVersion = 0.1.1;
			};
		};
/* End XCRemoteSwiftPackageReference section */

/* Begin XCSwiftPackageProductDependency section */
		B8BF161B2956388A00174616 /* Factory */ = {
			isa = XCSwiftPackageProductDependency;
			package = B8BF161A2956388A00174616 /* XCRemoteSwiftPackageReference "Factory" */;
			productName = Factory;
		};
		B8BF162329564BC200174616 /* MeditoUI */ = {
			isa = XCSwiftPackageProductDependency;
			productName = MeditoUI;
		};
		B8BF162629564D2D00174616 /* MeditoAPI */ = {
			isa = XCSwiftPackageProductDependency;
			productName = MeditoAPI;
		};
		B8BF164529586CDF00174616 /* SafeCache */ = {
			isa = XCSwiftPackageProductDependency;
			package = B8BF164429586CDF00174616 /* XCRemoteSwiftPackageReference "SafeCache" */;
			productName = SafeCache;
		};
/* End XCSwiftPackageProductDependency section */
	};
	rootObject = B8BF15E02956331A00174616 /* Project object */;
}
